
Microsoft Visual Studio Solution File, Format Version 12.00
# Visual Studio Version 17
VisualStudioVersion = 17.4.33213.308
MinimumVisualStudioVersion = 10.0.40219.1
Project("{8BC9CEB8-8B4A-11D0-8D11-00A0C91BC942}") = "Aeroflot", "Aeroflot\Aeroflot.vcxproj", "{9AF63343-0BA6-4193-9E8B-7351DF9B9FCB}"
EndProject
Project("{8BC9CEB8-8B4A-11D0-8D11-00A0C91BC942}") = "bubbleSort", "bubbleSort\bubbleSort.vcxproj", "{D5EEA994-3EEC-4C70-899C-DF7FADEE354B}"
EndProject
Project("{8BC9CEB8-8B4A-11D0-8D11-00A0C91BC942}") = "workToTextFile", "workToTextFile\workToTextFile.vcxproj", "{97CBB908-48D7-46C7-A12E-588783882EDE}"
EndProject
Project("{8BC9CEB8-8B4A-11D0-8D11-00A0C91BC942}") = "sumPositivNumderFun", "sumPositivNumderFun\sumPositivNumderFun.vcxproj", "{74E0AE25-22FD-42B9-B3D9-40FF5FADE22E}"
EndProject
Project("{8BC9CEB8-8B4A-11D0-8D11-00A0C91BC942}") = "sumPositivNumder", "sumPositivNumder\sumPositivNumder.vcxproj", "{9027852D-B327-42ED-BECB-946D0C95DB30}"
EndProject
Project("{8BC9CEB8-8B4A-11D0-8D11-00A0C91BC942}") = "scoresOfAthletes", "scoresOfAthletes\scoresOfAthletes.vcxproj", "{0C6D2AF0-FA42-47FD-9BB9-FE4318CEE23B}"
EndProject
Global
	GlobalSection(SolutionConfigurationPlatforms) = preSolution
		Debug|x64 = Debug|x64
		Debug|x86 = Debug|x86
		Release|x64 = Release|x64
		Release|x86 = Release|x86
	EndGlobalSection
	GlobalSection(ProjectConfigurationPlatforms) = postSolution
		{9AF63343-0BA6-4193-9E8B-7351DF9B9FCB}.Debug|x64.ActiveCfg = Debug|x64
		{9AF63343-0BA6-4193-9E8B-7351DF9B9FCB}.Debug|x64.Build.0 = Debug|x64
		{9AF63343-0BA6-4193-9E8B-7351DF9B9FCB}.Debug|x86.ActiveCfg = Debug|Win32
		{9AF63343-0BA6-4193-9E8B-7351DF9B9FCB}.Debug|x86.Build.0 = Debug|Win32
		{9AF63343-0BA6-4193-9E8B-7351DF9B9FCB}.Release|x64.ActiveCfg = Release|x64
		{9AF63343-0BA6-4193-9E8B-7351DF9B9FCB}.Release|x64.Build.0 = Release|x64
		{9AF63343-0BA6-4193-9E8B-7351DF9B9FCB}.Release|x86.ActiveCfg = Release|Win32
		{9AF63343-0BA6-4193-9E8B-7351DF9B9FCB}.Release|x86.Build.0 = Release|Win32
		{D5EEA994-3EEC-4C70-899C-DF7FADEE354B}.Debug|x64.ActiveCfg = Debug|x64
		{D5EEA994-3EEC-4C70-899C-DF7FADEE354B}.Debug|x64.Build.0 = Debug|x64
		{D5EEA994-3EEC-4C70-899C-DF7FADEE354B}.Debug|x86.ActiveCfg = Debug|Win32
		{D5EEA994-3EEC-4C70-899C-DF7FADEE354B}.Debug|x86.Build.0 = Debug|Win32
		{D5EEA994-3EEC-4C70-899C-DF7FADEE354B}.Release|x64.ActiveCfg = Release|x64
		{D5EEA994-3EEC-4C70-899C-DF7FADEE354B}.Release|x64.Build.0 = Release|x64
		{D5EEA994-3EEC-4C70-899C-DF7FADEE354B}.Release|x86.ActiveCfg = Release|Win32
		{D5EEA994-3EEC-4C70-899C-DF7FADEE354B}.Release|x86.Build.0 = Release|Win32
		{97CBB908-48D7-46C7-A12E-588783882EDE}.Debug|x64.ActiveCfg = Debug|x64
		{97CBB908-48D7-46C7-A12E-588783882EDE}.Debug|x64.Build.0 = Debug|x64
		{97CBB908-48D7-46C7-A12E-588783882EDE}.Debug|x86.ActiveCfg = Debug|Win32
		{97CBB908-48D7-46C7-A12E-588783882EDE}.Debug|x86.Build.0 = Debug|Win32
		{97CBB908-48D7-46C7-A12E-588783882EDE}.Release|x64.ActiveCfg = Release|x64
		{97CBB908-48D7-46C7-A12E-588783882EDE}.Release|x64.Build.0 = Release|x64
		{97CBB908-48D7-46C7-A12E-588783882EDE}.Release|x86.ActiveCfg = Release|Win32
		{97CBB908-48D7-46C7-A12E-588783882EDE}.Release|x86.Build.0 = Release|Win32
		{74E0AE25-22FD-42B9-B3D9-40FF5FADE22E}.Debug|x64.ActiveCfg = Debug|x64
		{74E0AE25-22FD-42B9-B3D9-40FF5FADE22E}.Debug|x64.Build.0 = Debug|x64
		{74E0AE25-22FD-42B9-B3D9-40FF5FADE22E}.Debug|x86.ActiveCfg = Debug|Win32
		{74E0AE25-22FD-42B9-B3D9-40FF5FADE22E}.Debug|x86.Build.0 = Debug|Win32
		{74E0AE25-22FD-42B9-B3D9-40FF5FADE22E}.Release|x64.ActiveCfg = Release|x64
		{74E0AE25-22FD-42B9-B3D9-40FF5FADE22E}.Release|x64.Build.0 = Release|x64
		{74E0AE25-22FD-42B9-B3D9-40FF5FADE22E}.Release|x86.ActiveCfg = Release|Win32
		{74E0AE25-22FD-42B9-B3D9-40FF5FADE22E}.Release|x86.Build.0 = Release|Win32
		{9027852D-B327-42ED-BECB-946D0C95DB30}.Debug|x64.ActiveCfg = Debug|x64
		{9027852D-B327-42ED-BECB-946D0C95DB30}.Debug|x64.Build.0 = Debug|x64
		{9027852D-B327-42ED-BECB-946D0C95DB30}.Debug|x86.ActiveCfg = Debug|Win32
		{9027852D-B327-42ED-BECB-946D0C95DB30}.Debug|x86.Build.0 = Debug|Win32
		{9027852D-B327-42ED-BECB-946D0C95DB30}.Release|x64.ActiveCfg = Release|x64
		{9027852D-B327-42ED-BECB-946D0C95DB30}.Release|x64.Build.0 = Release|x64
		{9027852D-B327-42ED-BECB-946D0C95DB30}.Release|x86.ActiveCfg = Release|Win32
		{9027852D-B327-42ED-BECB-946D0C95DB30}.Release|x86.Build.0 = Release|Win32
		{0C6D2AF0-FA42-47FD-9BB9-FE4318CEE23B}.Debug|x64.ActiveCfg = Debug|x64
		{0C6D2AF0-FA42-47FD-9BB9-FE4318CEE23B}.Debug|x64.Build.0 = Debug|x64
		{0C6D2AF0-FA42-47FD-9BB9-FE4318CEE23B}.Debug|x86.ActiveCfg = Debug|Win32
		{0C6D2AF0-FA42-47FD-9BB9-FE4318CEE23B}.Debug|x86.Build.0 = Debug|Win32
		{0C6D2AF0-FA42-47FD-9BB9-FE4318CEE23B}.Release|x64.ActiveCfg = Release|x64
		{0C6D2AF0-FA42-47FD-9BB9-FE4318CEE23B}.Release|x64.Build.0 = Release|x64
		{0C6D2AF0-FA42-47FD-9BB9-FE4318CEE23B}.Release|x86.ActiveCfg = Release|Win32
		{0C6D2AF0-FA42-47FD-9BB9-FE4318CEE23B}.Release|x86.Build.0 = Release|Win32
	EndGlobalSection
	GlobalSection(SolutionProperties) = preSolution
		HideSolutionNode = FALSE
	EndGlobalSection
	GlobalSection(ExtensibilityGlobals) = postSolution
		SolutionGuid = {D98005F0-684F-45C1-B23F-3E3FA0B73BE8}
	EndGlobalSection
EndGlobal
